
Microsoft Visual Studio Solution File, Format Version 9.00
# Visual Studio 2005
Project("{E24C65DC-7377-472B-9ABA-BC803B73C61A}") = "D:\webs\meteen\", ".", "{B449B0F1-3386-48F8-A016-DA36CA9A1427}"
	ProjectSection(WebsiteProperties) = preProject
		Debug.AspNetCompiler.VirtualPath = "/meteen"
		Debug.AspNetCompiler.PhysicalPath = "..\meteen\"
		Debug.AspNetCompiler.TargetPath = "PrecompiledWeb\meteen\"
		Debug.AspNetCompiler.Updateable = "true"
		Debug.AspNetCompiler.ForceOverwrite = "true"
		Debug.AspNetCompiler.FixedNames = "false"
		Debug.AspNetCompiler.Debug = "True"
		Release.AspNetCompiler.VirtualPath = "/meteen"
		Release.AspNetCompiler.PhysicalPath = "..\meteen\"
		Release.AspNetCompiler.TargetPath = "PrecompiledWeb\meteen\"
		Release.AspNetCompiler.Updateable = "true"
		Release.AspNetCompiler.ForceOverwrite = "true"
		Release.AspNetCompiler.FixedNames = "false"
		Release.AspNetCompiler.Debug = "False"
		VWDPort = "4900"
	EndProjectSection
EndProject
Global
	GlobalSection(SolutionConfigurationPlatforms) = preSolution
		Debug|.NET = Debug|.NET
	EndGlobalSection
	GlobalSection(ProjectConfigurationPlatforms) = postSolution
		{B449B0F1-3386-48F8-A016-DA36CA9A1427}.Debug|.NET.ActiveCfg = Debug|.NET
		{B449B0F1-3386-48F8-A016-DA36CA9A1427}.Debug|.NET.Build.0 = Debug|.NET
	EndGlobalSection
	GlobalSection(SolutionProperties) = preSolution
		HideSolutionNode = FALSE
	EndGlobalSection
EndGlobal
